
Microsoft Visual Studio Solution File, Format Version 12.00
# Visual Studio Version 17
VisualStudioVersion = 17.7.34202.233
MinimumVisualStudioVersion = 10.0.40219.1
Project("{FAE04EC0-301F-11D3-BF4B-00C04F79EFBC}") = "IvoPriilinSeleniumTests2", "IvoPriilinSeleniumTests2.csproj", "{EEFDF481-C3F8-442E-82C3-FE281712C382}"
EndProject
Global
	GlobalSection(SolutionConfigurationPlatforms) = preSolution
		Debug|Any CPU = Debug|Any CPU
		Release|Any CPU = Release|Any CPU
	EndGlobalSection
	GlobalSection(ProjectConfigurationPlatforms) = postSolution
		{EEFDF481-C3F8-442E-82C3-FE281712C382}.Debug|Any CPU.ActiveCfg = Debug|Any CPU
		{EEFDF481-C3F8-442E-82C3-FE281712C382}.Debug|Any CPU.Build.0 = Debug|Any CPU
		{EEFDF481-C3F8-442E-82C3-FE281712C382}.Release|Any CPU.ActiveCfg = Release|Any CPU
		{EEFDF481-C3F8-442E-82C3-FE281712C382}.Release|Any CPU.Build.0 = Release|Any CPU
	EndGlobalSection
	GlobalSection(SolutionProperties) = preSolution
		HideSolutionNode = FALSE
	EndGlobalSection
	GlobalSection(ExtensibilityGlobals) = postSolution
		SolutionGuid = {731CCBA3-0B02-4FF4-B32D-FD13CA0CAAF5}
	EndGlobalSection
EndGlobal
